
Microsoft Visual Studio Solution File, Format Version 12.00
# Visual Studio 2013
VisualStudioVersion = 12.0.40629.0
MinimumVisualStudioVersion = 10.0.40219.1
Project("{2150E333-8FDC-42A3-9474-1A3956D46DE8}") = "Solution Items", "Solution Items", "{6D0B5F40-5D18-402B-9FE2-655302B989DF}"
	ProjectSection(SolutionItems) = preProject
		UnitTests.testsettings = UnitTests.testsettings
	EndProjectSection
EndProject
Project("{FAE04EC0-301F-11D3-BF4B-00C04F79EFBC}") = "Slam.Core", "Slam.DynamicInjection\Slam.Core.csproj", "{DD9A47FE-9DDD-4965-8C6F-C60765BC072A}"
EndProject
Project("{FAE04EC0-301F-11D3-BF4B-00C04F79EFBC}") = "Slam.Test", "Slam.DynamicInjection.Test\Slam.Test.csproj", "{5E05354C-CE91-41CF-9B7D-DEE961872905}"
EndProject
Project("{FAE04EC0-301F-11D3-BF4B-00C04F79EFBC}") = "Slam.UnitTests.ConsoleApp", "Slam.DynamicInjection.UnitTests\Slam.UnitTests.ConsoleApp.csproj", "{A5A329BF-25BD-479E-A8EE-888C9BF7D7DE}"
EndProject
Project("{FAE04EC0-301F-11D3-BF4B-00C04F79EFBC}") = "Slam.UnitTests.Classes", "Slam.DynamicInjection.UnitTests.Classes\Slam.UnitTests.Classes.csproj", "{7279C489-79E3-4364-8AD8-C951993873AB}"
EndProject
Project("{8BC9CEB8-8B4A-11D0-8D11-00A0C91BC942}") = "Slam.Engine", "Slam.Core\Injection_VS2012.vcxproj", "{7A67946F-A8A6-4DE7-A6CB-9F77BD0A3C7A}"
EndProject
Project("{FAE04EC0-301F-11D3-BF4B-00C04F79EFBC}") = "Slam.UnitTests.Classes.External", "Slam.UnitTests.Classes.External\Slam.UnitTests.Classes.External.csproj", "{66B15ACF-90DC-4303-88C5-9F4F94A1EE05}"
EndProject
Global
	GlobalSection(SolutionConfigurationPlatforms) = preSolution
		Debug - X64|Any CPU = Debug - X64|Any CPU
		Debug - X64|Mixed Platforms = Debug - X64|Mixed Platforms
		Debug - X64|Win32 = Debug - X64|Win32
		Debug - X64|x64 = Debug - X64|x64
		Debug - X64|x86 = Debug - X64|x86
		Debug|Any CPU = Debug|Any CPU
		Debug|Mixed Platforms = Debug|Mixed Platforms
		Debug|Win32 = Debug|Win32
		Debug|x64 = Debug|x64
		Debug|x86 = Debug|x86
		Release - X64|Any CPU = Release - X64|Any CPU
		Release - X64|Mixed Platforms = Release - X64|Mixed Platforms
		Release - X64|Win32 = Release - X64|Win32
		Release - X64|x64 = Release - X64|x64
		Release - X64|x86 = Release - X64|x86
		Release|Any CPU = Release|Any CPU
		Release|Mixed Platforms = Release|Mixed Platforms
		Release|Win32 = Release|Win32
		Release|x64 = Release|x64
		Release|x86 = Release|x86
	EndGlobalSection
	GlobalSection(ProjectConfigurationPlatforms) = postSolution
		{DD9A47FE-9DDD-4965-8C6F-C60765BC072A}.Debug - X64|Any CPU.ActiveCfg = Debug|Any CPU
		{DD9A47FE-9DDD-4965-8C6F-C60765BC072A}.Debug - X64|Any CPU.Build.0 = Debug|Any CPU
		{DD9A47FE-9DDD-4965-8C6F-C60765BC072A}.Debug - X64|Mixed Platforms.ActiveCfg = Debug|Any CPU
		{DD9A47FE-9DDD-4965-8C6F-C60765BC072A}.Debug - X64|Mixed Platforms.Build.0 = Debug|Any CPU
		{DD9A47FE-9DDD-4965-8C6F-C60765BC072A}.Debug - X64|Win32.ActiveCfg = Debug|Any CPU
		{DD9A47FE-9DDD-4965-8C6F-C60765BC072A}.Debug - X64|x64.ActiveCfg = Debug|Any CPU
		{DD9A47FE-9DDD-4965-8C6F-C60765BC072A}.Debug - X64|x86.ActiveCfg = Debug|Any CPU
		{DD9A47FE-9DDD-4965-8C6F-C60765BC072A}.Debug|Any CPU.ActiveCfg = Debug|Any CPU
		{DD9A47FE-9DDD-4965-8C6F-C60765BC072A}.Debug|Any CPU.Build.0 = Debug|Any CPU
		{DD9A47FE-9DDD-4965-8C6F-C60765BC072A}.Debug|Any CPU.Deploy.0 = Debug|Any CPU
		{DD9A47FE-9DDD-4965-8C6F-C60765BC072A}.Debug|Mixed Platforms.ActiveCfg = Debug|Any CPU
		{DD9A47FE-9DDD-4965-8C6F-C60765BC072A}.Debug|Mixed Platforms.Build.0 = Debug|Any CPU
		{DD9A47FE-9DDD-4965-8C6F-C60765BC072A}.Debug|Win32.ActiveCfg = Debug|Any CPU
		{DD9A47FE-9DDD-4965-8C6F-C60765BC072A}.Debug|x64.ActiveCfg = Debug|Any CPU
		{DD9A47FE-9DDD-4965-8C6F-C60765BC072A}.Debug|x64.Build.0 = Debug|Any CPU
		{DD9A47FE-9DDD-4965-8C6F-C60765BC072A}.Debug|x86.ActiveCfg = Debug|Any CPU
		{DD9A47FE-9DDD-4965-8C6F-C60765BC072A}.Debug|x86.Build.0 = Debug|Any CPU
		{DD9A47FE-9DDD-4965-8C6F-C60765BC072A}.Release - X64|Any CPU.ActiveCfg = Release|Any CPU
		{DD9A47FE-9DDD-4965-8C6F-C60765BC072A}.Release - X64|Any CPU.Build.0 = Release|Any CPU
		{DD9A47FE-9DDD-4965-8C6F-C60765BC072A}.Release - X64|Mixed Platforms.ActiveCfg = Release|Any CPU
		{DD9A47FE-9DDD-4965-8C6F-C60765BC072A}.Release - X64|Mixed Platforms.Build.0 = Release|Any CPU
		{DD9A47FE-9DDD-4965-8C6F-C60765BC072A}.Release - X64|Win32.ActiveCfg = Release|Any CPU
		{DD9A47FE-9DDD-4965-8C6F-C60765BC072A}.Release - X64|x64.ActiveCfg = Release|Any CPU
		{DD9A47FE-9DDD-4965-8C6F-C60765BC072A}.Release - X64|x86.ActiveCfg = Release|Any CPU
		{DD9A47FE-9DDD-4965-8C6F-C60765BC072A}.Release|Any CPU.ActiveCfg = Release|Any CPU
		{DD9A47FE-9DDD-4965-8C6F-C60765BC072A}.Release|Any CPU.Build.0 = Release|Any CPU
		{DD9A47FE-9DDD-4965-8C6F-C60765BC072A}.Release|Mixed Platforms.ActiveCfg = Release|Any CPU
		{DD9A47FE-9DDD-4965-8C6F-C60765BC072A}.Release|Mixed Platforms.Build.0 = Release|Any CPU
		{DD9A47FE-9DDD-4965-8C6F-C60765BC072A}.Release|Win32.ActiveCfg = Release|Any CPU
		{DD9A47FE-9DDD-4965-8C6F-C60765BC072A}.Release|x64.ActiveCfg = Release|Any CPU
		{DD9A47FE-9DDD-4965-8C6F-C60765BC072A}.Release|x64.Build.0 = Release|Any CPU
		{DD9A47FE-9DDD-4965-8C6F-C60765BC072A}.Release|x86.ActiveCfg = Release|Any CPU
		{DD9A47FE-9DDD-4965-8C6F-C60765BC072A}.Release|x86.Build.0 = Release|Any CPU
		{5E05354C-CE91-41CF-9B7D-DEE961872905}.Debug - X64|Any CPU.ActiveCfg = Debug|Any CPU
		{5E05354C-CE91-41CF-9B7D-DEE961872905}.Debug - X64|Any CPU.Build.0 = Debug|Any CPU
		{5E05354C-CE91-41CF-9B7D-DEE961872905}.Debug - X64|Mixed Platforms.ActiveCfg = Debug|Any CPU
		{5E05354C-CE91-41CF-9B7D-DEE961872905}.Debug - X64|Mixed Platforms.Build.0 = Debug|Any CPU
		{5E05354C-CE91-41CF-9B7D-DEE961872905}.Debug - X64|Win32.ActiveCfg = Debug|Any CPU
		{5E05354C-CE91-41CF-9B7D-DEE961872905}.Debug - X64|x64.ActiveCfg = Debug|Any CPU
		{5E05354C-CE91-41CF-9B7D-DEE961872905}.Debug - X64|x86.ActiveCfg = Debug|Any CPU
		{5E05354C-CE91-41CF-9B7D-DEE961872905}.Debug|Any CPU.ActiveCfg = Debug|Any CPU
		{5E05354C-CE91-41CF-9B7D-DEE961872905}.Debug|Any CPU.Build.0 = Debug|Any CPU
		{5E05354C-CE91-41CF-9B7D-DEE961872905}.Debug|Mixed Platforms.ActiveCfg = Debug|Any CPU
		{5E05354C-CE91-41CF-9B7D-DEE961872905}.Debug|Mixed Platforms.Build.0 = Debug|Any CPU
		{5E05354C-CE91-41CF-9B7D-DEE961872905}.Debug|Win32.ActiveCfg = Debug|Any CPU
		{5E05354C-CE91-41CF-9B7D-DEE961872905}.Debug|x64.ActiveCfg = Debug|Any CPU
		{5E05354C-CE91-41CF-9B7D-DEE961872905}.Debug|x64.Build.0 = Debug|Any CPU
		{5E05354C-CE91-41CF-9B7D-DEE961872905}.Debug|x86.ActiveCfg = Debug|Any CPU
		{5E05354C-CE91-41CF-9B7D-DEE961872905}.Debug|x86.Build.0 = Debug|Any CPU
		{5E05354C-CE91-41CF-9B7D-DEE961872905}.Release - X64|Any CPU.ActiveCfg = Release|Any CPU
		{5E05354C-CE91-41CF-9B7D-DEE961872905}.Release - X64|Any CPU.Build.0 = Release|Any CPU
		{5E05354C-CE91-41CF-9B7D-DEE961872905}.Release - X64|Mixed Platforms.ActiveCfg = Release|Any CPU
		{5E05354C-CE91-41CF-9B7D-DEE961872905}.Release - X64|Mixed Platforms.Build.0 = Release|Any CPU
		{5E05354C-CE91-41CF-9B7D-DEE961872905}.Release - X64|Win32.ActiveCfg = Release|Any CPU
		{5E05354C-CE91-41CF-9B7D-DEE961872905}.Release - X64|x64.ActiveCfg = Release|Any CPU
		{5E05354C-CE91-41CF-9B7D-DEE961872905}.Release - X64|x86.ActiveCfg = Release|Any CPU
		{5E05354C-CE91-41CF-9B7D-DEE961872905}.Release|Any CPU.ActiveCfg = Release|Any CPU
		{5E05354C-CE91-41CF-9B7D-DEE961872905}.Release|Any CPU.Build.0 = Release|Any CPU
		{5E05354C-CE91-41CF-9B7D-DEE961872905}.Release|Mixed Platforms.ActiveCfg = Release|Any CPU
		{5E05354C-CE91-41CF-9B7D-DEE961872905}.Release|Mixed Platforms.Build.0 = Release|Any CPU
		{5E05354C-CE91-41CF-9B7D-DEE961872905}.Release|Win32.ActiveCfg = Release|Any CPU
		{5E05354C-CE91-41CF-9B7D-DEE961872905}.Release|x64.ActiveCfg = Release|Any CPU
		{5E05354C-CE91-41CF-9B7D-DEE961872905}.Release|x64.Build.0 = Release|Any CPU
		{5E05354C-CE91-41CF-9B7D-DEE961872905}.Release|x86.ActiveCfg = Release|Any CPU
		{5E05354C-CE91-41CF-9B7D-DEE961872905}.Release|x86.Build.0 = Release|Any CPU
		{A5A329BF-25BD-479E-A8EE-888C9BF7D7DE}.Debug - X64|Any CPU.ActiveCfg = Debug|Any CPU
		{A5A329BF-25BD-479E-A8EE-888C9BF7D7DE}.Debug - X64|Any CPU.Build.0 = Debug|Any CPU
		{A5A329BF-25BD-479E-A8EE-888C9BF7D7DE}.Debug - X64|Mixed Platforms.ActiveCfg = Debug|Any CPU
		{A5A329BF-25BD-479E-A8EE-888C9BF7D7DE}.Debug - X64|Mixed Platforms.Build.0 = Debug|Any CPU
		{A5A329BF-25BD-479E-A8EE-888C9BF7D7DE}.Debug - X64|Win32.ActiveCfg = Debug|Any CPU
		{A5A329BF-25BD-479E-A8EE-888C9BF7D7DE}.Debug - X64|x64.ActiveCfg = Debug|Any CPU
		{A5A329BF-25BD-479E-A8EE-888C9BF7D7DE}.Debug - X64|x86.ActiveCfg = Debug|Any CPU
		{A5A329BF-25BD-479E-A8EE-888C9BF7D7DE}.Debug|Any CPU.ActiveCfg = Debug|Any CPU
		{A5A329BF-25BD-479E-A8EE-888C9BF7D7DE}.Debug|Any CPU.Build.0 = Debug|Any CPU
		{A5A329BF-25BD-479E-A8EE-888C9BF7D7DE}.Debug|Mixed Platforms.ActiveCfg = Debug|Any CPU
		{A5A329BF-25BD-479E-A8EE-888C9BF7D7DE}.Debug|Mixed Platforms.Build.0 = Debug|Any CPU
		{A5A329BF-25BD-479E-A8EE-888C9BF7D7DE}.Debug|Win32.ActiveCfg = Debug|Any CPU
		{A5A329BF-25BD-479E-A8EE-888C9BF7D7DE}.Debug|x64.ActiveCfg = Debug|Any CPU
		{A5A329BF-25BD-479E-A8EE-888C9BF7D7DE}.Debug|x64.Build.0 = Debug|Any CPU
		{A5A329BF-25BD-479E-A8EE-888C9BF7D7DE}.Debug|x86.ActiveCfg = Debug|Any CPU
		{A5A329BF-25BD-479E-A8EE-888C9BF7D7DE}.Debug|x86.Build.0 = Debug|Any CPU
		{A5A329BF-25BD-479E-A8EE-888C9BF7D7DE}.Release - X64|Any CPU.ActiveCfg = Release|Any CPU
		{A5A329BF-25BD-479E-A8EE-888C9BF7D7DE}.Release - X64|Any CPU.Build.0 = Release|Any CPU
		{A5A329BF-25BD-479E-A8EE-888C9BF7D7DE}.Release - X64|Mixed Platforms.ActiveCfg = Release|Any CPU
		{A5A329BF-25BD-479E-A8EE-888C9BF7D7DE}.Release - X64|Mixed Platforms.Build.0 = Release|Any CPU
		{A5A329BF-25BD-479E-A8EE-888C9BF7D7DE}.Release - X64|Win32.ActiveCfg = Release|Any CPU
		{A5A329BF-25BD-479E-A8EE-888C9BF7D7DE}.Release - X64|x64.ActiveCfg = Release|Any CPU
		{A5A329BF-25BD-479E-A8EE-888C9BF7D7DE}.Release - X64|x86.ActiveCfg = Release|Any CPU
		{A5A329BF-25BD-479E-A8EE-888C9BF7D7DE}.Release|Any CPU.ActiveCfg = Release|Any CPU
		{A5A329BF-25BD-479E-A8EE-888C9BF7D7DE}.Release|Any CPU.Build.0 = Release|Any CPU
		{A5A329BF-25BD-479E-A8EE-888C9BF7D7DE}.Release|Mixed Platforms.ActiveCfg = Release|Any CPU
		{A5A329BF-25BD-479E-A8EE-888C9BF7D7DE}.Release|Mixed Platforms.Build.0 = Release|Any CPU
		{A5A329BF-25BD-479E-A8EE-888C9BF7D7DE}.Release|Win32.ActiveCfg = Release|Any CPU
		{A5A329BF-25BD-479E-A8EE-888C9BF7D7DE}.Release|x64.ActiveCfg = Release|Any CPU
		{A5A329BF-25BD-479E-A8EE-888C9BF7D7DE}.Release|x64.Build.0 = Release|Any CPU
		{A5A329BF-25BD-479E-A8EE-888C9BF7D7DE}.Release|x86.ActiveCfg = Release|Any CPU
		{A5A329BF-25BD-479E-A8EE-888C9BF7D7DE}.Release|x86.Build.0 = Release|Any CPU
		{7279C489-79E3-4364-8AD8-C951993873AB}.Debug - X64|Any CPU.ActiveCfg = Debug|Any CPU
		{7279C489-79E3-4364-8AD8-C951993873AB}.Debug - X64|Any CPU.Build.0 = Debug|Any CPU
		{7279C489-79E3-4364-8AD8-C951993873AB}.Debug - X64|Mixed Platforms.ActiveCfg = Debug|Any CPU
		{7279C489-79E3-4364-8AD8-C951993873AB}.Debug - X64|Mixed Platforms.Build.0 = Debug|Any CPU
		{7279C489-79E3-4364-8AD8-C951993873AB}.Debug - X64|Win32.ActiveCfg = Debug|Any CPU
		{7279C489-79E3-4364-8AD8-C951993873AB}.Debug - X64|x64.ActiveCfg = Debug|Any CPU
		{7279C489-79E3-4364-8AD8-C951993873AB}.Debug - X64|x86.ActiveCfg = Debug|Any CPU
		{7279C489-79E3-4364-8AD8-C951993873AB}.Debug|Any CPU.ActiveCfg = Debug|Any CPU
		{7279C489-79E3-4364-8AD8-C951993873AB}.Debug|Any CPU.Build.0 = Debug|Any CPU
		{7279C489-79E3-4364-8AD8-C951993873AB}.Debug|Mixed Platforms.ActiveCfg = Debug|Any CPU
		{7279C489-79E3-4364-8AD8-C951993873AB}.Debug|Mixed Platforms.Build.0 = Debug|Any CPU
		{7279C489-79E3-4364-8AD8-C951993873AB}.Debug|Win32.ActiveCfg = Debug|Any CPU
		{7279C489-79E3-4364-8AD8-C951993873AB}.Debug|x64.ActiveCfg = Debug|Any CPU
		{7279C489-79E3-4364-8AD8-C951993873AB}.Debug|x64.Build.0 = Debug|Any CPU
		{7279C489-79E3-4364-8AD8-C951993873AB}.Debug|x86.ActiveCfg = Debug|Any CPU
		{7279C489-79E3-4364-8AD8-C951993873AB}.Debug|x86.Build.0 = Debug|Any CPU
		{7279C489-79E3-4364-8AD8-C951993873AB}.Release - X64|Any CPU.ActiveCfg = Release|Any CPU
		{7279C489-79E3-4364-8AD8-C951993873AB}.Release - X64|Any CPU.Build.0 = Release|Any CPU
		{7279C489-79E3-4364-8AD8-C951993873AB}.Release - X64|Mixed Platforms.ActiveCfg = Release|Any CPU
		{7279C489-79E3-4364-8AD8-C951993873AB}.Release - X64|Mixed Platforms.Build.0 = Release|Any CPU
		{7279C489-79E3-4364-8AD8-C951993873AB}.Release - X64|Win32.ActiveCfg = Release|Any CPU
		{7279C489-79E3-4364-8AD8-C951993873AB}.Release - X64|x64.ActiveCfg = Release|Any CPU
		{7279C489-79E3-4364-8AD8-C951993873AB}.Release - X64|x86.ActiveCfg = Release|Any CPU
		{7279C489-79E3-4364-8AD8-C951993873AB}.Release|Any CPU.ActiveCfg = Release|Any CPU
		{7279C489-79E3-4364-8AD8-C951993873AB}.Release|Any CPU.Build.0 = Release|Any CPU
		{7279C489-79E3-4364-8AD8-C951993873AB}.Release|Mixed Platforms.ActiveCfg = Release|Any CPU
		{7279C489-79E3-4364-8AD8-C951993873AB}.Release|Mixed Platforms.Build.0 = Release|Any CPU
		{7279C489-79E3-4364-8AD8-C951993873AB}.Release|Win32.ActiveCfg = Release|Any CPU
		{7279C489-79E3-4364-8AD8-C951993873AB}.Release|x64.ActiveCfg = Release|Any CPU
		{7279C489-79E3-4364-8AD8-C951993873AB}.Release|x64.Build.0 = Release|Any CPU
		{7279C489-79E3-4364-8AD8-C951993873AB}.Release|x86.ActiveCfg = Release|Any CPU
		{7279C489-79E3-4364-8AD8-C951993873AB}.Release|x86.Build.0 = Release|Any CPU
		{7A67946F-A8A6-4DE7-A6CB-9F77BD0A3C7A}.Debug - X64|Any CPU.ActiveCfg = Debug - X64|Win32
		{7A67946F-A8A6-4DE7-A6CB-9F77BD0A3C7A}.Debug - X64|Mixed Platforms.ActiveCfg = Debug - X64|Win32
		{7A67946F-A8A6-4DE7-A6CB-9F77BD0A3C7A}.Debug - X64|Mixed Platforms.Build.0 = Debug - X64|Win32
		{7A67946F-A8A6-4DE7-A6CB-9F77BD0A3C7A}.Debug - X64|Win32.ActiveCfg = Debug - X64|Win32
		{7A67946F-A8A6-4DE7-A6CB-9F77BD0A3C7A}.Debug - X64|Win32.Build.0 = Debug - X64|Win32
		{7A67946F-A8A6-4DE7-A6CB-9F77BD0A3C7A}.Debug - X64|x64.ActiveCfg = Debug - X64|x64
		{7A67946F-A8A6-4DE7-A6CB-9F77BD0A3C7A}.Debug - X64|x64.Build.0 = Debug - X64|x64
		{7A67946F-A8A6-4DE7-A6CB-9F77BD0A3C7A}.Debug - X64|x86.ActiveCfg = Debug - X64|Win32
		{7A67946F-A8A6-4DE7-A6CB-9F77BD0A3C7A}.Debug - X64|x86.Build.0 = Debug - X64|Win32
		{7A67946F-A8A6-4DE7-A6CB-9F77BD0A3C7A}.Debug|Any CPU.ActiveCfg = Debug|x64
		{7A67946F-A8A6-4DE7-A6CB-9F77BD0A3C7A}.Debug|Any CPU.Build.0 = Debug|x64
		{7A67946F-A8A6-4DE7-A6CB-9F77BD0A3C7A}.Debug|Mixed Platforms.ActiveCfg = Debug|Win32
		{7A67946F-A8A6-4DE7-A6CB-9F77BD0A3C7A}.Debug|Mixed Platforms.Build.0 = Debug|Win32
		{7A67946F-A8A6-4DE7-A6CB-9F77BD0A3C7A}.Debug|Win32.ActiveCfg = Debug|Win32
		{7A67946F-A8A6-4DE7-A6CB-9F77BD0A3C7A}.Debug|Win32.Build.0 = Debug|Win32
		{7A67946F-A8A6-4DE7-A6CB-9F77BD0A3C7A}.Debug|x64.ActiveCfg = Debug|x64
		{7A67946F-A8A6-4DE7-A6CB-9F77BD0A3C7A}.Debug|x64.Build.0 = Debug|x64
		{7A67946F-A8A6-4DE7-A6CB-9F77BD0A3C7A}.Debug|x86.ActiveCfg = Debug|Win32
		{7A67946F-A8A6-4DE7-A6CB-9F77BD0A3C7A}.Debug|x86.Build.0 = Debug|Win32
		{7A67946F-A8A6-4DE7-A6CB-9F77BD0A3C7A}.Release - X64|Any CPU.ActiveCfg = Release - X64|Win32
		{7A67946F-A8A6-4DE7-A6CB-9F77BD0A3C7A}.Release - X64|Mixed Platforms.ActiveCfg = Release - X64|Win32
		{7A67946F-A8A6-4DE7-A6CB-9F77BD0A3C7A}.Release - X64|Mixed Platforms.Build.0 = Release - X64|Win32
		{7A67946F-A8A6-4DE7-A6CB-9F77BD0A3C7A}.Release - X64|Win32.ActiveCfg = Release - X64|Win32
		{7A67946F-A8A6-4DE7-A6CB-9F77BD0A3C7A}.Release - X64|Win32.Build.0 = Release - X64|Win32
		{7A67946F-A8A6-4DE7-A6CB-9F77BD0A3C7A}.Release - X64|x64.ActiveCfg = Release - X64|x64
		{7A67946F-A8A6-4DE7-A6CB-9F77BD0A3C7A}.Release - X64|x64.Build.0 = Release - X64|x64
		{7A67946F-A8A6-4DE7-A6CB-9F77BD0A3C7A}.Release - X64|x86.ActiveCfg = Release - X64|Win32
		{7A67946F-A8A6-4DE7-A6CB-9F77BD0A3C7A}.Release - X64|x86.Build.0 = Release - X64|Win32
		{7A67946F-A8A6-4DE7-A6CB-9F77BD0A3C7A}.Release|Any CPU.ActiveCfg = Release|Win32
		{7A67946F-A8A6-4DE7-A6CB-9F77BD0A3C7A}.Release|Mixed Platforms.ActiveCfg = Release|Win32
		{7A67946F-A8A6-4DE7-A6CB-9F77BD0A3C7A}.Release|Mixed Platforms.Build.0 = Release|Win32
		{7A67946F-A8A6-4DE7-A6CB-9F77BD0A3C7A}.Release|Win32.ActiveCfg = Release|Win32
		{7A67946F-A8A6-4DE7-A6CB-9F77BD0A3C7A}.Release|Win32.Build.0 = Release|Win32
		{7A67946F-A8A6-4DE7-A6CB-9F77BD0A3C7A}.Release|x64.ActiveCfg = Release|x64
		{7A67946F-A8A6-4DE7-A6CB-9F77BD0A3C7A}.Release|x64.Build.0 = Release|x64
		{7A67946F-A8A6-4DE7-A6CB-9F77BD0A3C7A}.Release|x86.ActiveCfg = Release|Win32
		{7A67946F-A8A6-4DE7-A6CB-9F77BD0A3C7A}.Release|x86.Build.0 = Release|Win32
		{66B15ACF-90DC-4303-88C5-9F4F94A1EE05}.Debug - X64|Any CPU.ActiveCfg = Debug|Any CPU
		{66B15ACF-90DC-4303-88C5-9F4F94A1EE05}.Debug - X64|Any CPU.Build.0 = Debug|Any CPU
		{66B15ACF-90DC-4303-88C5-9F4F94A1EE05}.Debug - X64|Mixed Platforms.ActiveCfg = Debug|Any CPU
		{66B15ACF-90DC-4303-88C5-9F4F94A1EE05}.Debug - X64|Mixed Platforms.Build.0 = Debug|Any CPU
		{66B15ACF-90DC-4303-88C5-9F4F94A1EE05}.Debug - X64|Win32.ActiveCfg = Debug|Any CPU
		{66B15ACF-90DC-4303-88C5-9F4F94A1EE05}.Debug - X64|x64.ActiveCfg = Debug|Any CPU
		{66B15ACF-90DC-4303-88C5-9F4F94A1EE05}.Debug - X64|x86.ActiveCfg = Debug|Any CPU
		{66B15ACF-90DC-4303-88C5-9F4F94A1EE05}.Debug|Any CPU.ActiveCfg = Debug|Any CPU
		{66B15ACF-90DC-4303-88C5-9F4F94A1EE05}.Debug|Any CPU.Build.0 = Debug|Any CPU
		{66B15ACF-90DC-4303-88C5-9F4F94A1EE05}.Debug|Mixed Platforms.ActiveCfg = Debug|Any CPU
		{66B15ACF-90DC-4303-88C5-9F4F94A1EE05}.Debug|Mixed Platforms.Build.0 = Debug|Any CPU
		{66B15ACF-90DC-4303-88C5-9F4F94A1EE05}.Debug|Win32.ActiveCfg = Debug|Any CPU
		{66B15ACF-90DC-4303-88C5-9F4F94A1EE05}.Debug|x64.ActiveCfg = Debug|Any CPU
		{66B15ACF-90DC-4303-88C5-9F4F94A1EE05}.Debug|x86.ActiveCfg = Debug|Any CPU
		{66B15ACF-90DC-4303-88C5-9F4F94A1EE05}.Debug|x86.Build.0 = Debug|Any CPU
		{66B15ACF-90DC-4303-88C5-9F4F94A1EE05}.Release - X64|Any CPU.ActiveCfg = Release|Any CPU
		{66B15ACF-90DC-4303-88C5-9F4F94A1EE05}.Release - X64|Any CPU.Build.0 = Release|Any CPU
		{66B15ACF-90DC-4303-88C5-9F4F94A1EE05}.Release - X64|Mixed Platforms.ActiveCfg = Release|Any CPU
		{66B15ACF-90DC-4303-88C5-9F4F94A1EE05}.Release - X64|Mixed Platforms.Build.0 = Release|Any CPU
		{66B15ACF-90DC-4303-88C5-9F4F94A1EE05}.Release - X64|Win32.ActiveCfg = Release|Any CPU
		{66B15ACF-90DC-4303-88C5-9F4F94A1EE05}.Release - X64|x64.ActiveCfg = Release|Any CPU
		{66B15ACF-90DC-4303-88C5-9F4F94A1EE05}.Release - X64|x86.ActiveCfg = Release|Any CPU
		{66B15ACF-90DC-4303-88C5-9F4F94A1EE05}.Release|Any CPU.ActiveCfg = Release|Any CPU
		{66B15ACF-90DC-4303-88C5-9F4F94A1EE05}.Release|Any CPU.Build.0 = Release|Any CPU
		{66B15ACF-90DC-4303-88C5-9F4F94A1EE05}.Release|Mixed Platforms.ActiveCfg = Release|Any CPU
		{66B15ACF-90DC-4303-88C5-9F4F94A1EE05}.Release|Mixed Platforms.Build.0 = Release|Any CPU
		{66B15ACF-90DC-4303-88C5-9F4F94A1EE05}.Release|Win32.ActiveCfg = Release|Any CPU
		{66B15ACF-90DC-4303-88C5-9F4F94A1EE05}.Release|x64.ActiveCfg = Release|Any CPU
		{66B15ACF-90DC-4303-88C5-9F4F94A1EE05}.Release|x64.Build.0 = Release|Any CPU
		{66B15ACF-90DC-4303-88C5-9F4F94A1EE05}.Release|x86.ActiveCfg = Release|Any CPU
		{66B15ACF-90DC-4303-88C5-9F4F94A1EE05}.Release|x86.Build.0 = Release|Any CPU
	EndGlobalSection
	GlobalSection(SolutionProperties) = preSolution
		HideSolutionNode = FALSE
	EndGlobalSection
EndGlobal
