
Microsoft Visual Studio Solution File, Format Version 12.00
# Visual Studio 2013
VisualStudioVersion = 12.0.40629.0
MinimumVisualStudioVersion = 10.0.40219.1
Project("{FAE04EC0-301F-11D3-BF4B-00C04F79EFBC}") = "ExactTarget.Tools.Analyzers", "ExactTarget.Tools.Analyzers.csproj", "{82D2A48A-CFB7-484F-9D7F-9C557A797733}"
EndProject
Project("{FAE04EC0-301F-11D3-BF4B-00C04F79EFBC}") = "ConsoleApplication2", "..\ConsoleApplication2\ConsoleApplication2.csproj", "{E9E801FA-E436-429F-9C1B-DB558BD847B5}"
EndProject
Project("{FAE04EC0-301F-11D3-BF4B-00C04F79EFBC}") = "ExactTarget.DynamicInjection", "..\ExactTarget.DynamicInjection\ExactTarget.DynamicInjection.csproj", "{DD9A47FE-9DDD-4965-8C6F-C60765BC072A}"
EndProject
Project("{8BC9CEB8-8B4A-11D0-8D11-00A0C91BC942}") = "ExactTarget.Core.DynamicInjection", "..\DDI3rdPartySource\Injection\Injection_VS2015.vcxproj", "{6F52D49C-57FC-4C7B-BBE6-B443A4D3597E}"
EndProject
Global
	GlobalSection(TeamFoundationVersionControl) = preSolution
		SccNumberOfProjects = 6
		SccEnterpriseProvider = {4CA58AB2-18FA-4F8D-95D4-32DDF27D184C}
		SccTeamFoundationServer = http://tfs.exacttarget.com:8080/tfs/defaultcollection
		SccProjectUniqueName0 = ExactTarget.Tools.Analyzers.csproj
		SccLocalPath0 = .
		SccProjectUniqueName1 = ..\\ConsoleApplication2\\ConsoleApplication2.csproj
		SccProjectName1 = ../ConsoleApplication2
		SccLocalPath1 = ..\\ConsoleApplication2
		SccProjectUniqueName2 = ..\\DDI3rdPartySource\\Injection\\Injection_VS2015.vcxproj
		SccProjectName2 = ../DDI3rdPartySource/Injection
		SccLocalPath2 = ..\\DDI3rdPartySource\\Injection
		SccLocalPath3 = .
		SccProjectUniqueName4 = ..\\ExactTarget.DynamicInjection\\ExactTarget.DynamicInjection.csproj
		SccProjectName4 = ../ExactTarget.DynamicInjection
		SccLocalPath4 = ..\\ExactTarget.DynamicInjection
		SccProjectUniqueName5 = ..\\..\\ExactTarget.UnitTests.Basics\\ExactTarget.UnitTests.Basics\\ExactTarget.UnitTests.Basics.csproj
		SccProjectName5 = ../../ExactTarget.UnitTests.Basics/ExactTarget.UnitTests.Basics
		SccLocalPath5 = ..\\..\\ExactTarget.UnitTests.Basics\\ExactTarget.UnitTests.Basics
	EndGlobalSection
	GlobalSection(SolutionConfigurationPlatforms) = preSolution
		Debug - X64|Any CPU = Debug - X64|Any CPU
		Debug - X64|Mixed Platforms = Debug - X64|Mixed Platforms
		Debug - X64|Win32 = Debug - X64|Win32
		Debug - X64|x64 = Debug - X64|x64
		Debug|Any CPU = Debug|Any CPU
		Debug|Mixed Platforms = Debug|Mixed Platforms
		Debug|Win32 = Debug|Win32
		Debug|x64 = Debug|x64
		Release - X64|Any CPU = Release - X64|Any CPU
		Release - X64|Mixed Platforms = Release - X64|Mixed Platforms
		Release - X64|Win32 = Release - X64|Win32
		Release - X64|x64 = Release - X64|x64
		Release|Any CPU = Release|Any CPU
		Release|Mixed Platforms = Release|Mixed Platforms
		Release|Win32 = Release|Win32
		Release|x64 = Release|x64
	EndGlobalSection
	GlobalSection(ProjectConfigurationPlatforms) = postSolution
		{82D2A48A-CFB7-484F-9D7F-9C557A797733}.Debug - X64|Any CPU.ActiveCfg = Debug|Any CPU
		{82D2A48A-CFB7-484F-9D7F-9C557A797733}.Debug - X64|Any CPU.Build.0 = Debug|Any CPU
		{82D2A48A-CFB7-484F-9D7F-9C557A797733}.Debug - X64|Mixed Platforms.ActiveCfg = Debug|Any CPU
		{82D2A48A-CFB7-484F-9D7F-9C557A797733}.Debug - X64|Mixed Platforms.Build.0 = Debug|Any CPU
		{82D2A48A-CFB7-484F-9D7F-9C557A797733}.Debug - X64|Win32.ActiveCfg = Debug|Any CPU
		{82D2A48A-CFB7-484F-9D7F-9C557A797733}.Debug - X64|x64.ActiveCfg = Debug|Any CPU
		{82D2A48A-CFB7-484F-9D7F-9C557A797733}.Debug|Any CPU.ActiveCfg = Debug|Any CPU
		{82D2A48A-CFB7-484F-9D7F-9C557A797733}.Debug|Any CPU.Build.0 = Debug|Any CPU
		{82D2A48A-CFB7-484F-9D7F-9C557A797733}.Debug|Mixed Platforms.ActiveCfg = Debug|Any CPU
		{82D2A48A-CFB7-484F-9D7F-9C557A797733}.Debug|Win32.ActiveCfg = Debug|Any CPU
		{82D2A48A-CFB7-484F-9D7F-9C557A797733}.Debug|x64.ActiveCfg = Debug|Any CPU
		{82D2A48A-CFB7-484F-9D7F-9C557A797733}.Release - X64|Any CPU.ActiveCfg = Release|Any CPU
		{82D2A48A-CFB7-484F-9D7F-9C557A797733}.Release - X64|Any CPU.Build.0 = Release|Any CPU
		{82D2A48A-CFB7-484F-9D7F-9C557A797733}.Release - X64|Mixed Platforms.ActiveCfg = Release|Any CPU
		{82D2A48A-CFB7-484F-9D7F-9C557A797733}.Release - X64|Mixed Platforms.Build.0 = Release|Any CPU
		{82D2A48A-CFB7-484F-9D7F-9C557A797733}.Release - X64|Win32.ActiveCfg = Release|Any CPU
		{82D2A48A-CFB7-484F-9D7F-9C557A797733}.Release - X64|x64.ActiveCfg = Release|Any CPU
		{82D2A48A-CFB7-484F-9D7F-9C557A797733}.Release|Any CPU.ActiveCfg = Release|Any CPU
		{82D2A48A-CFB7-484F-9D7F-9C557A797733}.Release|Any CPU.Build.0 = Release|Any CPU
		{82D2A48A-CFB7-484F-9D7F-9C557A797733}.Release|Mixed Platforms.ActiveCfg = Release|Any CPU
		{82D2A48A-CFB7-484F-9D7F-9C557A797733}.Release|Mixed Platforms.Build.0 = Release|Any CPU
		{82D2A48A-CFB7-484F-9D7F-9C557A797733}.Release|Win32.ActiveCfg = Release|Any CPU
		{82D2A48A-CFB7-484F-9D7F-9C557A797733}.Release|x64.ActiveCfg = Release|Any CPU
		{E9E801FA-E436-429F-9C1B-DB558BD847B5}.Debug - X64|Any CPU.ActiveCfg = Debug|Any CPU
		{E9E801FA-E436-429F-9C1B-DB558BD847B5}.Debug - X64|Any CPU.Build.0 = Debug|Any CPU
		{E9E801FA-E436-429F-9C1B-DB558BD847B5}.Debug - X64|Mixed Platforms.ActiveCfg = Debug|Any CPU
		{E9E801FA-E436-429F-9C1B-DB558BD847B5}.Debug - X64|Mixed Platforms.Build.0 = Debug|Any CPU
		{E9E801FA-E436-429F-9C1B-DB558BD847B5}.Debug - X64|Win32.ActiveCfg = Debug|Any CPU
		{E9E801FA-E436-429F-9C1B-DB558BD847B5}.Debug - X64|x64.ActiveCfg = Debug|Any CPU
		{E9E801FA-E436-429F-9C1B-DB558BD847B5}.Debug|Any CPU.ActiveCfg = Debug|Any CPU
		{E9E801FA-E436-429F-9C1B-DB558BD847B5}.Debug|Any CPU.Build.0 = Debug|Any CPU
		{E9E801FA-E436-429F-9C1B-DB558BD847B5}.Debug|Mixed Platforms.ActiveCfg = Debug|Any CPU
		{E9E801FA-E436-429F-9C1B-DB558BD847B5}.Debug|Mixed Platforms.Build.0 = Debug|Any CPU
		{E9E801FA-E436-429F-9C1B-DB558BD847B5}.Debug|Win32.ActiveCfg = Debug|Any CPU
		{E9E801FA-E436-429F-9C1B-DB558BD847B5}.Debug|x64.ActiveCfg = Debug|Any CPU
		{E9E801FA-E436-429F-9C1B-DB558BD847B5}.Release - X64|Any CPU.ActiveCfg = Release|Any CPU
		{E9E801FA-E436-429F-9C1B-DB558BD847B5}.Release - X64|Any CPU.Build.0 = Release|Any CPU
		{E9E801FA-E436-429F-9C1B-DB558BD847B5}.Release - X64|Mixed Platforms.ActiveCfg = Release|Any CPU
		{E9E801FA-E436-429F-9C1B-DB558BD847B5}.Release - X64|Mixed Platforms.Build.0 = Release|Any CPU
		{E9E801FA-E436-429F-9C1B-DB558BD847B5}.Release - X64|Win32.ActiveCfg = Release|Any CPU
		{E9E801FA-E436-429F-9C1B-DB558BD847B5}.Release - X64|x64.ActiveCfg = Release|Any CPU
		{E9E801FA-E436-429F-9C1B-DB558BD847B5}.Release|Any CPU.ActiveCfg = Release|Any CPU
		{E9E801FA-E436-429F-9C1B-DB558BD847B5}.Release|Any CPU.Build.0 = Release|Any CPU
		{E9E801FA-E436-429F-9C1B-DB558BD847B5}.Release|Mixed Platforms.ActiveCfg = Release|Any CPU
		{E9E801FA-E436-429F-9C1B-DB558BD847B5}.Release|Mixed Platforms.Build.0 = Release|Any CPU
		{E9E801FA-E436-429F-9C1B-DB558BD847B5}.Release|Win32.ActiveCfg = Release|Any CPU
		{E9E801FA-E436-429F-9C1B-DB558BD847B5}.Release|x64.ActiveCfg = Release|Any CPU
		{DD9A47FE-9DDD-4965-8C6F-C60765BC072A}.Debug - X64|Any CPU.ActiveCfg = Debug|Any CPU
		{DD9A47FE-9DDD-4965-8C6F-C60765BC072A}.Debug - X64|Any CPU.Build.0 = Debug|Any CPU
		{DD9A47FE-9DDD-4965-8C6F-C60765BC072A}.Debug - X64|Mixed Platforms.ActiveCfg = Debug|Any CPU
		{DD9A47FE-9DDD-4965-8C6F-C60765BC072A}.Debug - X64|Mixed Platforms.Build.0 = Debug|Any CPU
		{DD9A47FE-9DDD-4965-8C6F-C60765BC072A}.Debug - X64|Win32.ActiveCfg = Debug|Any CPU
		{DD9A47FE-9DDD-4965-8C6F-C60765BC072A}.Debug - X64|x64.ActiveCfg = Debug|Any CPU
		{DD9A47FE-9DDD-4965-8C6F-C60765BC072A}.Debug|Any CPU.ActiveCfg = Debug|Any CPU
		{DD9A47FE-9DDD-4965-8C6F-C60765BC072A}.Debug|Any CPU.Build.0 = Debug|Any CPU
		{DD9A47FE-9DDD-4965-8C6F-C60765BC072A}.Debug|Mixed Platforms.ActiveCfg = Debug|Any CPU
		{DD9A47FE-9DDD-4965-8C6F-C60765BC072A}.Debug|Mixed Platforms.Build.0 = Debug|Any CPU
		{DD9A47FE-9DDD-4965-8C6F-C60765BC072A}.Debug|Win32.ActiveCfg = Debug|Any CPU
		{DD9A47FE-9DDD-4965-8C6F-C60765BC072A}.Debug|x64.ActiveCfg = Debug|Any CPU
		{DD9A47FE-9DDD-4965-8C6F-C60765BC072A}.Release - X64|Any CPU.ActiveCfg = Release|Any CPU
		{DD9A47FE-9DDD-4965-8C6F-C60765BC072A}.Release - X64|Any CPU.Build.0 = Release|Any CPU
		{DD9A47FE-9DDD-4965-8C6F-C60765BC072A}.Release - X64|Mixed Platforms.ActiveCfg = Release|Any CPU
		{DD9A47FE-9DDD-4965-8C6F-C60765BC072A}.Release - X64|Mixed Platforms.Build.0 = Release|Any CPU
		{DD9A47FE-9DDD-4965-8C6F-C60765BC072A}.Release - X64|Win32.ActiveCfg = Release|Any CPU
		{DD9A47FE-9DDD-4965-8C6F-C60765BC072A}.Release - X64|x64.ActiveCfg = Release|Any CPU
		{DD9A47FE-9DDD-4965-8C6F-C60765BC072A}.Release|Any CPU.ActiveCfg = Release|Any CPU
		{DD9A47FE-9DDD-4965-8C6F-C60765BC072A}.Release|Any CPU.Build.0 = Release|Any CPU
		{DD9A47FE-9DDD-4965-8C6F-C60765BC072A}.Release|Mixed Platforms.ActiveCfg = Release|Any CPU
		{DD9A47FE-9DDD-4965-8C6F-C60765BC072A}.Release|Mixed Platforms.Build.0 = Release|Any CPU
		{DD9A47FE-9DDD-4965-8C6F-C60765BC072A}.Release|Win32.ActiveCfg = Release|Any CPU
		{DD9A47FE-9DDD-4965-8C6F-C60765BC072A}.Release|x64.ActiveCfg = Release|Any CPU
		{6F52D49C-57FC-4C7B-BBE6-B443A4D3597E}.Debug - X64|Any CPU.ActiveCfg = Debug - X64|Win32
		{6F52D49C-57FC-4C7B-BBE6-B443A4D3597E}.Debug - X64|Mixed Platforms.ActiveCfg = Debug - X64|Win32
		{6F52D49C-57FC-4C7B-BBE6-B443A4D3597E}.Debug - X64|Mixed Platforms.Build.0 = Debug - X64|Win32
		{6F52D49C-57FC-4C7B-BBE6-B443A4D3597E}.Debug - X64|Win32.ActiveCfg = Debug - X64|Win32
		{6F52D49C-57FC-4C7B-BBE6-B443A4D3597E}.Debug - X64|Win32.Build.0 = Debug - X64|Win32
		{6F52D49C-57FC-4C7B-BBE6-B443A4D3597E}.Debug - X64|x64.ActiveCfg = Debug - X64|x64
		{6F52D49C-57FC-4C7B-BBE6-B443A4D3597E}.Debug - X64|x64.Build.0 = Debug - X64|x64
		{6F52D49C-57FC-4C7B-BBE6-B443A4D3597E}.Debug|Any CPU.ActiveCfg = Debug|Win32
		{6F52D49C-57FC-4C7B-BBE6-B443A4D3597E}.Debug|Mixed Platforms.ActiveCfg = Debug|Win32
		{6F52D49C-57FC-4C7B-BBE6-B443A4D3597E}.Debug|Win32.ActiveCfg = Debug|Win32
		{6F52D49C-57FC-4C7B-BBE6-B443A4D3597E}.Debug|Win32.Build.0 = Debug|Win32
		{6F52D49C-57FC-4C7B-BBE6-B443A4D3597E}.Debug|x64.ActiveCfg = Debug|x64
		{6F52D49C-57FC-4C7B-BBE6-B443A4D3597E}.Debug|x64.Build.0 = Debug|x64
		{6F52D49C-57FC-4C7B-BBE6-B443A4D3597E}.Release - X64|Any CPU.ActiveCfg = Release - X64|Win32
		{6F52D49C-57FC-4C7B-BBE6-B443A4D3597E}.Release - X64|Mixed Platforms.ActiveCfg = Release - X64|Win32
		{6F52D49C-57FC-4C7B-BBE6-B443A4D3597E}.Release - X64|Mixed Platforms.Build.0 = Release - X64|Win32
		{6F52D49C-57FC-4C7B-BBE6-B443A4D3597E}.Release - X64|Win32.ActiveCfg = Release - X64|Win32
		{6F52D49C-57FC-4C7B-BBE6-B443A4D3597E}.Release - X64|Win32.Build.0 = Release - X64|Win32
		{6F52D49C-57FC-4C7B-BBE6-B443A4D3597E}.Release - X64|x64.ActiveCfg = Release - X64|x64
		{6F52D49C-57FC-4C7B-BBE6-B443A4D3597E}.Release - X64|x64.Build.0 = Release - X64|x64
		{6F52D49C-57FC-4C7B-BBE6-B443A4D3597E}.Release|Any CPU.ActiveCfg = Release|Win32
		{6F52D49C-57FC-4C7B-BBE6-B443A4D3597E}.Release|Mixed Platforms.ActiveCfg = Release|Win32
		{6F52D49C-57FC-4C7B-BBE6-B443A4D3597E}.Release|Mixed Platforms.Build.0 = Release|Win32
		{6F52D49C-57FC-4C7B-BBE6-B443A4D3597E}.Release|Win32.ActiveCfg = Release|Win32
		{6F52D49C-57FC-4C7B-BBE6-B443A4D3597E}.Release|Win32.Build.0 = Release|Win32
		{6F52D49C-57FC-4C7B-BBE6-B443A4D3597E}.Release|x64.ActiveCfg = Release|x64
		{6F52D49C-57FC-4C7B-BBE6-B443A4D3597E}.Release|x64.Build.0 = Release|x64
	EndGlobalSection
	GlobalSection(SolutionProperties) = preSolution
		HideSolutionNode = FALSE
	EndGlobalSection
EndGlobal
